// !$*UTF8*$!
{
	archiveVersion = 1;
	classes = {
	};
	objectVersion = 77;
	objects = {

/* Begin PBXBuildFile section */
		013581EA2FA2E3097156C900 /* UserProfile.swift in Sources */ = {isa = PBXBuildFile; fileRef = C01EFA883D70E06EA7DF56F5 /* UserProfile.swift */; };
		09F2307D01EA340690519FA7 /* AboutYouStepTests.swift in Sources */ = {isa = PBXBuildFile; fileRef = 0BAEA0958C9AB53F8DB2BF5F /* AboutYouStepTests.swift */; };
		0AD79E3E4D1D01D6AE872CE7 /* RegisterEnvironment.swift in Sources */ = {isa = PBXBuildFile; fileRef = 0414574D7901774F19BED0BE /* RegisterEnvironment.swift */; };
		162CA9544931C737318AD2AA /* OnboardingRootView.swift in Sources */ = {isa = PBXBuildFile; fileRef = 7326799926C7C75029BF3A31 /* OnboardingRootView.swift */; };
		16D414401C8CBD7183123CCD /* AgeStepView.swift in Sources */ = {isa = PBXBuildFile; fileRef = A6025BA3E8E23F2B10179F3E /* AgeStepView.swift */; };
		19EB62247B63E9489AA87021 /* RithamCore in Frameworks */ = {isa = PBXBuildFile; productRef = 267FB3A29A69935DA779166A /* RithamCore */; };
		1C3FA051B38281E9CDF81432 /* ScreenHeader.swift in Sources */ = {isa = PBXBuildFile; fileRef = C99579F2588DE8ABC5FB503D /* ScreenHeader.swift */; };
		1D6C3E93FCDE0349CEA86EB8 /* RithamScreen.swift in Sources */ = {isa = PBXBuildFile; fileRef = 7C883614DDF1788C5EC0F4EB /* RithamScreen.swift */; };
		246E6790BDB65CFCEB25A333 /* PrivacyExplainerStepView.swift in Sources */ = {isa = PBXBuildFile; fileRef = 9B61ACD89789D585BDF4FFE4 /* PrivacyExplainerStepView.swift */; };
		2D41B1597969D1E25E5E578D /* DietaryPatternStepView.swift in Sources */ = {isa = PBXBuildFile; fileRef = 832AAC0347925BECC3462F29 /* DietaryPatternStepView.swift */; };
		3811764FA3F43C45AA6F4DF0 /* AgeIneligibleStepView.swift in Sources */ = {isa = PBXBuildFile; fileRef = 8BE8AA5C848AABF7F1810FB5 /* AgeIneligibleStepView.swift */; };
		3865F9CBE50B8D1EE50719A6 /* ChoiceChip.swift in Sources */ = {isa = PBXBuildFile; fileRef = 93F8EF54A5E9759B3255AF8D /* ChoiceChip.swift */; };
		3B38A96C15C0B2ACC05FD7C3 /* GlossaryTerm.swift in Sources */ = {isa = PBXBuildFile; fileRef = B040926DC5083605CE450DEF /* GlossaryTerm.swift */; };
		44F1B1ED7CD062A5B03F9536 /* RithamModelContainer.swift in Sources */ = {isa = PBXBuildFile; fileRef = 7E2D29F982217344F14A7BC1 /* RithamModelContainer.swift */; };
		4A3B3A80A114FF2F6537860A /* CalibrationSourceTests.swift in Sources */ = {isa = PBXBuildFile; fileRef = ADFFBFA5F220C3A206E70F8E /* CalibrationSourceTests.swift */; };
		507ED14AF0F3BDB019DE15FF /* AgeValidationTests.swift in Sources */ = {isa = PBXBuildFile; fileRef = 257DEEF73E7060A1F4117609 /* AgeValidationTests.swift */; };
		5092A28E0F96AA3033BCCE29 /* RithamType.swift in Sources */ = {isa = PBXBuildFile; fileRef = 74D89BB7A3DD06DB23570E75 /* RithamType.swift */; };
		5095A4F4DA0A7410735424A4 /* LocationEnrichment.swift in Sources */ = {isa = PBXBuildFile; fileRef = A49AD7002CE2D97EA29E3FB4 /* LocationEnrichment.swift */; };
		5420001A0EB86B949E9EAF85 /* BandMotif.swift in Sources */ = {isa = PBXBuildFile; fileRef = 93E5D3C503846C096E9A8713 /* BandMotif.swift */; };
		5436D81AC3EA8702C3F6C439 /* ConditionTagRecord.swift in Sources */ = {isa = PBXBuildFile; fileRef = 2D7D475288D596A167095155 /* ConditionTagRecord.swift */; };
		69481E73C4D75413E92E8FA5 /* PersistenceTests.swift in Sources */ = {isa = PBXBuildFile; fileRef = 1024D116B21BD85232045566 /* PersistenceTests.swift */; };
		84DE0CBBAAF0046434CD77C6 /* AboutYouRegistration.swift in Sources */ = {isa = PBXBuildFile; fileRef = AA0B2F8F3C1DFD35D08F440D /* AboutYouRegistration.swift */; };
		87808DE1AEE493D4C2504F34 /* WelcomeStepView.swift in Sources */ = {isa = PBXBuildFile; fileRef = 2B6AC4D3DD46A040E00B8D08 /* WelcomeStepView.swift */; };
		8E49823AA318A99A8192B405 /* ExplanationRegisterStepView.swift in Sources */ = {isa = PBXBuildFile; fileRef = 4AB431E0B67409C89FCED639 /* ExplanationRegisterStepView.swift */; };
		8F99B77E1CF5743BD01A6AA3 /* BandGeometryTests.swift in Sources */ = {isa = PBXBuildFile; fileRef = DD46F7E0FD2E8EE35DF4AF6B /* BandGeometryTests.swift */; };
		90C538F5EAFE6CAC0FA2A0D0 /* GlossaryTermTests.swift in Sources */ = {isa = PBXBuildFile; fileRef = 479FF24BCF57EE3DDA99352F /* GlossaryTermTests.swift */; };
		92D028BE8C366106ABF757F3 /* AppShellTests.swift in Sources */ = {isa = PBXBuildFile; fileRef = 6202A72738414384DAE6A08D /* AppShellTests.swift */; };
		9656A07CC9AFFAD5C9F337D5 /* PrimaryCTAButton.swift in Sources */ = {isa = PBXBuildFile; fileRef = A61BCA7352DA422760E37629 /* PrimaryCTAButton.swift */; };
		96B8827D551BC79B929DB6C7 /* BandGeometry.swift in Sources */ = {isa = PBXBuildFile; fileRef = 9BA7CEE7DB00083DB8BFA6EE /* BandGeometry.swift */; };
		9AA8D22A5541CC2E61B9D966 /* StepRegistry.swift in Sources */ = {isa = PBXBuildFile; fileRef = 63ED7DF2A39EE0E6909310F0 /* StepRegistry.swift */; };
		B699CA6F0194F93D60914DBE /* HealthDataStoreTests.swift in Sources */ = {isa = PBXBuildFile; fileRef = C7CF1FE8182F9431C9184C34 /* HealthDataStoreTests.swift */; };
		BD8D88E3BBF3AA074CB3E533 /* HealthDataStore.swift in Sources */ = {isa = PBXBuildFile; fileRef = 4F35BFA152CCF80AA7D32001 /* HealthDataStore.swift */; };
		C87638F14A7A077650B52332 /* RithamApp.swift in Sources */ = {isa = PBXBuildFile; fileRef = 0B4438C355A19887EE4B879F /* RithamApp.swift */; };
		CB5CC7503C59AEDFAA63069E /* RithamColor.swift in Sources */ = {isa = PBXBuildFile; fileRef = 05A018DD943E342E021CC548 /* RithamColor.swift */; };
		CDE102911222255956BEE569 /* OnboardingStepPresenting.swift in Sources */ = {isa = PBXBuildFile; fileRef = F9B19DDAF63B16BBF06FAA39 /* OnboardingStepPresenting.swift */; };
		D2FA3EAF8185088DE8F673B3 /* CalibrationBaselineRecord.swift in Sources */ = {isa = PBXBuildFile; fileRef = C0B8E0CF48AA273CF27D31F6 /* CalibrationBaselineRecord.swift */; };
		D305C620C93D62B73E8B0F89 /* RithamCore in Frameworks */ = {isa = PBXBuildFile; productRef = C8F7B5BB088D21FCA90D16A3 /* RithamCore */; };
		D6719FCA341670ED1536EC60 /* RithamSpacing.swift in Sources */ = {isa = PBXBuildFile; fileRef = 074665026698CCD2C09002E0 /* RithamSpacing.swift */; };
		E9B451301BBB32186D650E4F /* StopwatchSession.swift in Sources */ = {isa = PBXBuildFile; fileRef = 899994571E54AFD8D9247EEA /* StopwatchSession.swift */; };
		EA77E7A1C1297BA0CB56658F /* ChoiceQuestionTests.swift in Sources */ = {isa = PBXBuildFile; fileRef = 7ED5B376F4222B06352A10E7 /* ChoiceQuestionTests.swift */; };
		F03CD5A2D32F1E0BCBAA37F5 /* PedometerSession.swift in Sources */ = {isa = PBXBuildFile; fileRef = 56204CF43FAEB1A870F9470A /* PedometerSession.swift */; };
		F33782CFAFD9821A432E1C9C /* RingAndDot.swift in Sources */ = {isa = PBXBuildFile; fileRef = 226CB34F3DE1E1C5B984771E /* RingAndDot.swift */; };
		F4C75D98191CB477E9CF26C2 /* ChoiceQuestionView.swift in Sources */ = {isa = PBXBuildFile; fileRef = 1A200B33F244A21CCB3F7ADB /* ChoiceQuestionView.swift */; };
		F874FB2134A24BF9B64F2A05 /* LiftSessionRecorder.swift in Sources */ = {isa = PBXBuildFile; fileRef = A540323B6DBDE9C87D9AEF3A /* LiftSessionRecorder.swift */; };
/* End PBXBuildFile section */

/* Begin PBXContainerItemProxy section */
		BED2BFA6F0DAFBD0768765A6 /* PBXContainerItemProxy */ = {
			isa = PBXContainerItemProxy;
			containerPortal = 313D693A1F73C6F7B4D0B3B8 /* Project object */;
			proxyType = 1;
			remoteGlobalIDString = C740F23DD6C23DADE601970F;
			remoteInfo = Ritham;
		};
/* End PBXContainerItemProxy section */

/* Begin PBXFileReference section */
		0414574D7901774F19BED0BE /* RegisterEnvironment.swift */ = {isa = PBXFileReference; lastKnownFileType = sourcecode.swift; path = RegisterEnvironment.swift; sourceTree = "<group>"; };
		05A018DD943E342E021CC548 /* RithamColor.swift */ = {isa = PBXFileReference; lastKnownFileType = sourcecode.swift; path = RithamColor.swift; sourceTree = "<group>"; };
		074665026698CCD2C09002E0 /* RithamSpacing.swift */ = {isa = PBXFileReference; lastKnownFileType = sourcecode.swift; path = RithamSpacing.swift; sourceTree = "<group>"; };
		0B4438C355A19887EE4B879F /* RithamApp.swift */ = {isa = PBXFileReference; lastKnownFileType = sourcecode.swift; path = RithamApp.swift; sourceTree = "<group>"; };
		0BAEA0958C9AB53F8DB2BF5F /* AboutYouStepTests.swift */ = {isa = PBXFileReference; lastKnownFileType = sourcecode.swift; path = AboutYouStepTests.swift; sourceTree = "<group>"; };
		1024D116B21BD85232045566 /* PersistenceTests.swift */ = {isa = PBXFileReference; lastKnownFileType = sourcecode.swift; path = PersistenceTests.swift; sourceTree = "<group>"; };
		1A200B33F244A21CCB3F7ADB /* ChoiceQuestionView.swift */ = {isa = PBXFileReference; lastKnownFileType = sourcecode.swift; path = ChoiceQuestionView.swift; sourceTree = "<group>"; };
		226CB34F3DE1E1C5B984771E /* RingAndDot.swift */ = {isa = PBXFileReference; lastKnownFileType = sourcecode.swift; path = RingAndDot.swift; sourceTree = "<group>"; };
		257DEEF73E7060A1F4117609 /* AgeValidationTests.swift */ = {isa = PBXFileReference; lastKnownFileType = sourcecode.swift; path = AgeValidationTests.swift; sourceTree = "<group>"; };
		2B6AC4D3DD46A040E00B8D08 /* WelcomeStepView.swift */ = {isa = PBXFileReference; lastKnownFileType = sourcecode.swift; path = WelcomeStepView.swift; sourceTree = "<group>"; };
		2D7D475288D596A167095155 /* ConditionTagRecord.swift */ = {isa = PBXFileReference; lastKnownFileType = sourcecode.swift; path = ConditionTagRecord.swift; sourceTree = "<group>"; };
		309EA04063A9FC990A21210A /* RithamTests.xctest */ = {isa = PBXFileReference; includeInIndex = 0; lastKnownFileType = wrapper.cfbundle; path = RithamTests.xctest; sourceTree = BUILT_PRODUCTS_DIR; };
		33CE82EE341BE99682A4A6E6 /* Ritham.app */ = {isa = PBXFileReference; includeInIndex = 0; lastKnownFileType = wrapper.application; path = Ritham.app; sourceTree = BUILT_PRODUCTS_DIR; };
		479FF24BCF57EE3DDA99352F /* GlossaryTermTests.swift */ = {isa = PBXFileReference; lastKnownFileType = sourcecode.swift; path = GlossaryTermTests.swift; sourceTree = "<group>"; };
		4AB431E0B67409C89FCED639 /* ExplanationRegisterStepView.swift */ = {isa = PBXFileReference; lastKnownFileType = sourcecode.swift; path = ExplanationRegisterStepView.swift; sourceTree = "<group>"; };
		4F35BFA152CCF80AA7D32001 /* HealthDataStore.swift */ = {isa = PBXFileReference; lastKnownFileType = sourcecode.swift; path = HealthDataStore.swift; sourceTree = "<group>"; };
		56204CF43FAEB1A870F9470A /* PedometerSession.swift */ = {isa = PBXFileReference; lastKnownFileType = sourcecode.swift; path = PedometerSession.swift; sourceTree = "<group>"; };
		6202A72738414384DAE6A08D /* AppShellTests.swift */ = {isa = PBXFileReference; lastKnownFileType = sourcecode.swift; path = AppShellTests.swift; sourceTree = "<group>"; };
		63ED7DF2A39EE0E6909310F0 /* StepRegistry.swift */ = {isa = PBXFileReference; lastKnownFileType = sourcecode.swift; path = StepRegistry.swift; sourceTree = "<group>"; };
		7326799926C7C75029BF3A31 /* OnboardingRootView.swift */ = {isa = PBXFileReference; lastKnownFileType = sourcecode.swift; path = OnboardingRootView.swift; sourceTree = "<group>"; };
		74D89BB7A3DD06DB23570E75 /* RithamType.swift */ = {isa = PBXFileReference; lastKnownFileType = sourcecode.swift; path = RithamType.swift; sourceTree = "<group>"; };
		7C883614DDF1788C5EC0F4EB /* RithamScreen.swift */ = {isa = PBXFileReference; lastKnownFileType = sourcecode.swift; path = RithamScreen.swift; sourceTree = "<group>"; };
		7E2D29F982217344F14A7BC1 /* RithamModelContainer.swift */ = {isa = PBXFileReference; lastKnownFileType = sourcecode.swift; path = RithamModelContainer.swift; sourceTree = "<group>"; };
		7ED5B376F4222B06352A10E7 /* ChoiceQuestionTests.swift */ = {isa = PBXFileReference; lastKnownFileType = sourcecode.swift; path = ChoiceQuestionTests.swift; sourceTree = "<group>"; };
		832AAC0347925BECC3462F29 /* DietaryPatternStepView.swift */ = {isa = PBXFileReference; lastKnownFileType = sourcecode.swift; path = DietaryPatternStepView.swift; sourceTree = "<group>"; };
		899994571E54AFD8D9247EEA /* StopwatchSession.swift */ = {isa = PBXFileReference; lastKnownFileType = sourcecode.swift; path = StopwatchSession.swift; sourceTree = "<group>"; };
		8BE8AA5C848AABF7F1810FB5 /* AgeIneligibleStepView.swift */ = {isa = PBXFileReference; lastKnownFileType = sourcecode.swift; path = AgeIneligibleStepView.swift; sourceTree = "<group>"; };
		93E5D3C503846C096E9A8713 /* BandMotif.swift */ = {isa = PBXFileReference; lastKnownFileType = sourcecode.swift; path = BandMotif.swift; sourceTree = "<group>"; };
		93F8EF54A5E9759B3255AF8D /* ChoiceChip.swift */ = {isa = PBXFileReference; lastKnownFileType = sourcecode.swift; path = ChoiceChip.swift; sourceTree = "<group>"; };
		9B61ACD89789D585BDF4FFE4 /* PrivacyExplainerStepView.swift */ = {isa = PBXFileReference; lastKnownFileType = sourcecode.swift; path = PrivacyExplainerStepView.swift; sourceTree = "<group>"; };
		9BA7CEE7DB00083DB8BFA6EE /* BandGeometry.swift */ = {isa = PBXFileReference; lastKnownFileType = sourcecode.swift; path = BandGeometry.swift; sourceTree = "<group>"; };
		A49AD7002CE2D97EA29E3FB4 /* LocationEnrichment.swift */ = {isa = PBXFileReference; lastKnownFileType = sourcecode.swift; path = LocationEnrichment.swift; sourceTree = "<group>"; };
		A540323B6DBDE9C87D9AEF3A /* LiftSessionRecorder.swift */ = {isa = PBXFileReference; lastKnownFileType = sourcecode.swift; path = LiftSessionRecorder.swift; sourceTree = "<group>"; };
		A6025BA3E8E23F2B10179F3E /* AgeStepView.swift */ = {isa = PBXFileReference; lastKnownFileType = sourcecode.swift; path = AgeStepView.swift; sourceTree = "<group>"; };
		A61BCA7352DA422760E37629 /* PrimaryCTAButton.swift */ = {isa = PBXFileReference; lastKnownFileType = sourcecode.swift; path = PrimaryCTAButton.swift; sourceTree = "<group>"; };
		AA0B2F8F3C1DFD35D08F440D /* AboutYouRegistration.swift */ = {isa = PBXFileReference; lastKnownFileType = sourcecode.swift; path = AboutYouRegistration.swift; sourceTree = "<group>"; };
		ADFFBFA5F220C3A206E70F8E /* CalibrationSourceTests.swift */ = {isa = PBXFileReference; lastKnownFileType = sourcecode.swift; path = CalibrationSourceTests.swift; sourceTree = "<group>"; };
		B040926DC5083605CE450DEF /* GlossaryTerm.swift */ = {isa = PBXFileReference; lastKnownFileType = sourcecode.swift; path = GlossaryTerm.swift; sourceTree = "<group>"; };
		B6659E2E2F67CEC959ACCD02 /* RithamCore */ = {isa = PBXFileReference; lastKnownFileType = folder; name = RithamCore; path = ../RithamCore; sourceTree = SOURCE_ROOT; };
		C01EFA883D70E06EA7DF56F5 /* UserProfile.swift */ = {isa = PBXFileReference; lastKnownFileType = sourcecode.swift; path = UserProfile.swift; sourceTree = "<group>"; };
		C0B8E0CF48AA273CF27D31F6 /* CalibrationBaselineRecord.swift */ = {isa = PBXFileReference; lastKnownFileType = sourcecode.swift; path = CalibrationBaselineRecord.swift; sourceTree = "<group>"; };
		C7CF1FE8182F9431C9184C34 /* HealthDataStoreTests.swift */ = {isa = PBXFileReference; lastKnownFileType = sourcecode.swift; path = HealthDataStoreTests.swift; sourceTree = "<group>"; };
		C99579F2588DE8ABC5FB503D /* ScreenHeader.swift */ = {isa = PBXFileReference; lastKnownFileType = sourcecode.swift; path = ScreenHeader.swift; sourceTree = "<group>"; };
		DD46F7E0FD2E8EE35DF4AF6B /* BandGeometryTests.swift */ = {isa = PBXFileReference; lastKnownFileType = sourcecode.swift; path = BandGeometryTests.swift; sourceTree = "<group>"; };
		F9B19DDAF63B16BBF06FAA39 /* OnboardingStepPresenting.swift */ = {isa = PBXFileReference; lastKnownFileType = sourcecode.swift; path = OnboardingStepPresenting.swift; sourceTree = "<group>"; };
/* End PBXFileReference section */

/* Begin PBXFrameworksBuildPhase section */
		9B83254FAFC8FD8F5B6A43FD /* Frameworks */ = {
			isa = PBXFrameworksBuildPhase;
			buildActionMask = 2147483647;
			files = (
				19EB62247B63E9489AA87021 /* RithamCore in Frameworks */,
			);
			runOnlyForDeploymentPostprocessing = 0;
		};
		DF9B4D37275D19F793B16FD0 /* Frameworks */ = {
			isa = PBXFrameworksBuildPhase;
			buildActionMask = 2147483647;
			files = (
				D305C620C93D62B73E8B0F89 /* RithamCore in Frameworks */,
			);
			runOnlyForDeploymentPostprocessing = 0;
		};
/* End PBXFrameworksBuildPhase section */

/* Begin PBXGroup section */
		1A8EC73B6C73A767D7367F6B /* DesignSystem */ = {
			isa = PBXGroup;
			children = (
				9BA7CEE7DB00083DB8BFA6EE /* BandGeometry.swift */,
				93E5D3C503846C096E9A8713 /* BandMotif.swift */,
				226CB34F3DE1E1C5B984771E /* RingAndDot.swift */,
				05A018DD943E342E021CC548 /* RithamColor.swift */,
				074665026698CCD2C09002E0 /* RithamSpacing.swift */,
				74D89BB7A3DD06DB23570E75 /* RithamType.swift */,
				C99579F2588DE8ABC5FB503D /* ScreenHeader.swift */,
			);
			path = DesignSystem;
			sourceTree = "<group>";
		};
		2537891303973090C9F8FAFA /* Calibration */ = {
			isa = PBXGroup;
			children = (
				A540323B6DBDE9C87D9AEF3A /* LiftSessionRecorder.swift */,
				A49AD7002CE2D97EA29E3FB4 /* LocationEnrichment.swift */,
				56204CF43FAEB1A870F9470A /* PedometerSession.swift */,
				899994571E54AFD8D9247EEA /* StopwatchSession.swift */,
			);
			path = Calibration;
			sourceTree = "<group>";
		};
		41B86503947D833E190324C6 /* App */ = {
			isa = PBXGroup;
			children = (
				7326799926C7C75029BF3A31 /* OnboardingRootView.swift */,
				F9B19DDAF63B16BBF06FAA39 /* OnboardingStepPresenting.swift */,
				0B4438C355A19887EE4B879F /* RithamApp.swift */,
				63ED7DF2A39EE0E6909310F0 /* StepRegistry.swift */,
			);
			path = App;
			sourceTree = "<group>";
		};
		470747FA9C4D4EACF929B6BB /* Onboarding */ = {
			isa = PBXGroup;
			children = (
				DEED1484C6612F06D7635196 /* Steps */,
			);
			path = Onboarding;
			sourceTree = "<group>";
		};
		635CF0C5274641C7FE8C5EB3 = {
			isa = PBXGroup;
			children = (
				EBD57CC3FBDDA92445B67D7B /* Packages */,
				BA10DD00378DE87FE11A17EF /* Ritham */,
				BF6EB89EB83AC89ADB418625 /* RithamTests */,
				B154AD2168849A5ED413E3AB /* Products */,
			);
			sourceTree = "<group>";
		};
		7FD87B7935EA7FA693BA657B /* Persistence */ = {
			isa = PBXGroup;
			children = (
				C0B8E0CF48AA273CF27D31F6 /* CalibrationBaselineRecord.swift */,
				2D7D475288D596A167095155 /* ConditionTagRecord.swift */,
				4F35BFA152CCF80AA7D32001 /* HealthDataStore.swift */,
				7E2D29F982217344F14A7BC1 /* RithamModelContainer.swift */,
				C01EFA883D70E06EA7DF56F5 /* UserProfile.swift */,
			);
			path = Persistence;
			sourceTree = "<group>";
		};
		AEA7073BFA73D76041A3DDF7 /* Components */ = {
			isa = PBXGroup;
			children = (
				93F8EF54A5E9759B3255AF8D /* ChoiceChip.swift */,
				1A200B33F244A21CCB3F7ADB /* ChoiceQuestionView.swift */,
				B040926DC5083605CE450DEF /* GlossaryTerm.swift */,
				A61BCA7352DA422760E37629 /* PrimaryCTAButton.swift */,
				0414574D7901774F19BED0BE /* RegisterEnvironment.swift */,
				7C883614DDF1788C5EC0F4EB /* RithamScreen.swift */,
			);
			path = Components;
			sourceTree = "<group>";
		};
		B154AD2168849A5ED413E3AB /* Products */ = {
			isa = PBXGroup;
			children = (
				33CE82EE341BE99682A4A6E6 /* Ritham.app */,
				309EA04063A9FC990A21210A /* RithamTests.xctest */,
			);
			name = Products;
			sourceTree = "<group>";
		};
		BA10DD00378DE87FE11A17EF /* Ritham */ = {
			isa = PBXGroup;
			children = (
				41B86503947D833E190324C6 /* App */,
				2537891303973090C9F8FAFA /* Calibration */,
				AEA7073BFA73D76041A3DDF7 /* Components */,
				1A8EC73B6C73A767D7367F6B /* DesignSystem */,
				470747FA9C4D4EACF929B6BB /* Onboarding */,
				7FD87B7935EA7FA693BA657B /* Persistence */,
			);
			path = Ritham;
			sourceTree = "<group>";
		};
		BF6EB89EB83AC89ADB418625 /* RithamTests */ = {
			isa = PBXGroup;
			children = (
				0BAEA0958C9AB53F8DB2BF5F /* AboutYouStepTests.swift */,
				257DEEF73E7060A1F4117609 /* AgeValidationTests.swift */,
				6202A72738414384DAE6A08D /* AppShellTests.swift */,
				DD46F7E0FD2E8EE35DF4AF6B /* BandGeometryTests.swift */,
				ADFFBFA5F220C3A206E70F8E /* CalibrationSourceTests.swift */,
				7ED5B376F4222B06352A10E7 /* ChoiceQuestionTests.swift */,
				479FF24BCF57EE3DDA99352F /* GlossaryTermTests.swift */,
				C7CF1FE8182F9431C9184C34 /* HealthDataStoreTests.swift */,
				1024D116B21BD85232045566 /* PersistenceTests.swift */,
			);
			path = RithamTests;
			sourceTree = "<group>";
		};
		DEED1484C6612F06D7635196 /* Steps */ = {
			isa = PBXGroup;
			children = (
				AA0B2F8F3C1DFD35D08F440D /* AboutYouRegistration.swift */,
				8BE8AA5C848AABF7F1810FB5 /* AgeIneligibleStepView.swift */,
				A6025BA3E8E23F2B10179F3E /* AgeStepView.swift */,
				832AAC0347925BECC3462F29 /* DietaryPatternStepView.swift */,
				4AB431E0B67409C89FCED639 /* ExplanationRegisterStepView.swift */,
				9B61ACD89789D585BDF4FFE4 /* PrivacyExplainerStepView.swift */,
				2B6AC4D3DD46A040E00B8D08 /* WelcomeStepView.swift */,
			);
			path = Steps;
			sourceTree = "<group>";
		};
		EBD57CC3FBDDA92445B67D7B /* Packages */ = {
			isa = PBXGroup;
			children = (
				B6659E2E2F67CEC959ACCD02 /* RithamCore */,
			);
			name = Packages;
			sourceTree = "<group>";
		};
/* End PBXGroup section */

/* Begin PBXNativeTarget section */
		1E0D768BB7B3C2C783D0A4DB /* RithamTests */ = {
			isa = PBXNativeTarget;
			buildConfigurationList = 3E3B18D35F493C780C16D8C6 /* Build configuration list for PBXNativeTarget "RithamTests" */;
			buildPhases = (
				85BA814B68048006186FFD77 /* Sources */,
				9B83254FAFC8FD8F5B6A43FD /* Frameworks */,
			);
			buildRules = (
			);
			dependencies = (
				59A180E530E6F6F006720341 /* PBXTargetDependency */,
			);
			name = RithamTests;
			packageProductDependencies = (
				267FB3A29A69935DA779166A /* RithamCore */,
			);
			productName = RithamTests;
			productReference = 309EA04063A9FC990A21210A /* RithamTests.xctest */;
			productType = "com.apple.product-type.bundle.unit-test";
		};
		C740F23DD6C23DADE601970F /* Ritham */ = {
			isa = PBXNativeTarget;
			buildConfigurationList = AB90453E5E9A63F1228F066E /* Build configuration list for PBXNativeTarget "Ritham" */;
			buildPhases = (
				4AAC6F9DAA2CDF3CD612C13F /* Sources */,
				DF9B4D37275D19F793B16FD0 /* Frameworks */,
			);
			buildRules = (
			);
			dependencies = (
			);
			name = Ritham;
			packageProductDependencies = (
				C8F7B5BB088D21FCA90D16A3 /* RithamCore */,
			);
			productName = Ritham;
			productReference = 33CE82EE341BE99682A4A6E6 /* Ritham.app */;
			productType = "com.apple.product-type.application";
		};
/* End PBXNativeTarget section */

/* Begin PBXProject section */
		313D693A1F73C6F7B4D0B3B8 /* Project object */ = {
			isa = PBXProject;
			attributes = {
				BuildIndependentTargetsInParallel = YES;
				LastUpgradeCheck = 1430;
				TargetAttributes = {
				};
			};
			buildConfigurationList = 93DF7D370994745F2A9A1DA5 /* Build configuration list for PBXProject "Ritham" */;
			developmentRegion = en;
			hasScannedForEncodings = 0;
			knownRegions = (
				Base,
				en,
			);
			mainGroup = 635CF0C5274641C7FE8C5EB3;
			minimizedProjectReferenceProxies = 1;
			packageReferences = (
				1B2453CF9508124AAB3D1F82 /* XCLocalSwiftPackageReference "../RithamCore" */,
			);
			preferredProjectObjectVersion = 77;
			productRefGroup = B154AD2168849A5ED413E3AB /* Products */;
			projectDirPath = "";
			projectRoot = "";
			targets = (
				C740F23DD6C23DADE601970F /* Ritham */,
				1E0D768BB7B3C2C783D0A4DB /* RithamTests */,
			);
		};
/* End PBXProject section */

/* Begin PBXSourcesBuildPhase section */
		4AAC6F9DAA2CDF3CD612C13F /* Sources */ = {
			isa = PBXSourcesBuildPhase;
			buildActionMask = 2147483647;
			files = (
				84DE0CBBAAF0046434CD77C6 /* AboutYouRegistration.swift in Sources */,
				3811764FA3F43C45AA6F4DF0 /* AgeIneligibleStepView.swift in Sources */,
				16D414401C8CBD7183123CCD /* AgeStepView.swift in Sources */,
				96B8827D551BC79B929DB6C7 /* BandGeometry.swift in Sources */,
				5420001A0EB86B949E9EAF85 /* BandMotif.swift in Sources */,
				D2FA3EAF8185088DE8F673B3 /* CalibrationBaselineRecord.swift in Sources */,
				3865F9CBE50B8D1EE50719A6 /* ChoiceChip.swift in Sources */,
				F4C75D98191CB477E9CF26C2 /* ChoiceQuestionView.swift in Sources */,
				5436D81AC3EA8702C3F6C439 /* ConditionTagRecord.swift in Sources */,
				2D41B1597969D1E25E5E578D /* DietaryPatternStepView.swift in Sources */,
				8E49823AA318A99A8192B405 /* ExplanationRegisterStepView.swift in Sources */,
				3B38A96C15C0B2ACC05FD7C3 /* GlossaryTerm.swift in Sources */,
				BD8D88E3BBF3AA074CB3E533 /* HealthDataStore.swift in Sources */,
				F874FB2134A24BF9B64F2A05 /* LiftSessionRecorder.swift in Sources */,
				5095A4F4DA0A7410735424A4 /* LocationEnrichment.swift in Sources */,
				162CA9544931C737318AD2AA /* OnboardingRootView.swift in Sources */,
				CDE102911222255956BEE569 /* OnboardingStepPresenting.swift in Sources */,
				F03CD5A2D32F1E0BCBAA37F5 /* PedometerSession.swift in Sources */,
				9656A07CC9AFFAD5C9F337D5 /* PrimaryCTAButton.swift in Sources */,
				246E6790BDB65CFCEB25A333 /* PrivacyExplainerStepView.swift in Sources */,
				0AD79E3E4D1D01D6AE872CE7 /* RegisterEnvironment.swift in Sources */,
				F33782CFAFD9821A432E1C9C /* RingAndDot.swift in Sources */,
				C87638F14A7A077650B52332 /* RithamApp.swift in Sources */,
				CB5CC7503C59AEDFAA63069E /* RithamColor.swift in Sources */,
				44F1B1ED7CD062A5B03F9536 /* RithamModelContainer.swift in Sources */,
				1D6C3E93FCDE0349CEA86EB8 /* RithamScreen.swift in Sources */,
				D6719FCA341670ED1536EC60 /* RithamSpacing.swift in Sources */,
				5092A28E0F96AA3033BCCE29 /* RithamType.swift in Sources */,
				1C3FA051B38281E9CDF81432 /* ScreenHeader.swift in Sources */,
				9AA8D22A5541CC2E61B9D966 /* StepRegistry.swift in Sources */,
				E9B451301BBB32186D650E4F /* StopwatchSession.swift in Sources */,
				013581EA2FA2E3097156C900 /* UserProfile.swift in Sources */,
				87808DE1AEE493D4C2504F34 /* WelcomeStepView.swift in Sources */,
			);
			runOnlyForDeploymentPostprocessing = 0;
		};
		85BA814B68048006186FFD77 /* Sources */ = {
			isa = PBXSourcesBuildPhase;
			buildActionMask = 2147483647;
			files = (
				09F2307D01EA340690519FA7 /* AboutYouStepTests.swift in Sources */,
				507ED14AF0F3BDB019DE15FF /* AgeValidationTests.swift in Sources */,
				92D028BE8C366106ABF757F3 /* AppShellTests.swift in Sources */,
				8F99B77E1CF5743BD01A6AA3 /* BandGeometryTests.swift in Sources */,
				4A3B3A80A114FF2F6537860A /* CalibrationSourceTests.swift in Sources */,
				EA77E7A1C1297BA0CB56658F /* ChoiceQuestionTests.swift in Sources */,
				90C538F5EAFE6CAC0FA2A0D0 /* GlossaryTermTests.swift in Sources */,
				B699CA6F0194F93D60914DBE /* HealthDataStoreTests.swift in Sources */,
				69481E73C4D75413E92E8FA5 /* PersistenceTests.swift in Sources */,
			);
			runOnlyForDeploymentPostprocessing = 0;
		};
/* End PBXSourcesBuildPhase section */

/* Begin PBXTargetDependency section */
		59A180E530E6F6F006720341 /* PBXTargetDependency */ = {
			isa = PBXTargetDependency;
			target = C740F23DD6C23DADE601970F /* Ritham */;
			targetProxy = BED2BFA6F0DAFBD0768765A6 /* PBXContainerItemProxy */;
		};
/* End PBXTargetDependency section */

/* Begin XCBuildConfiguration section */
		131736C358BB3B60711BAF6F /* Debug */ = {
			isa = XCBuildConfiguration;
			buildSettings = {
				ALWAYS_SEARCH_USER_PATHS = NO;
				CLANG_ANALYZER_NONNULL = YES;
				CLANG_ANALYZER_NUMBER_OBJECT_CONVERSION = YES_AGGRESSIVE;
				CLANG_CXX_LANGUAGE_STANDARD = "gnu++14";
				CLANG_CXX_LIBRARY = "libc++";
				CLANG_ENABLE_MODULES = YES;
				CLANG_ENABLE_OBJC_ARC = YES;
				CLANG_ENABLE_OBJC_WEAK = YES;
				CLANG_WARN_BLOCK_CAPTURE_AUTORELEASING = YES;
				CLANG_WARN_BOOL_CONVERSION = YES;
				CLANG_WARN_COMMA = YES;
				CLANG_WARN_CONSTANT_CONVERSION = YES;
				CLANG_WARN_DEPRECATED_OBJC_IMPLEMENTATIONS = YES;
				CLANG_WARN_DIRECT_OBJC_ISA_USAGE = YES_ERROR;
				CLANG_WARN_DOCUMENTATION_COMMENTS = YES;
				CLANG_WARN_EMPTY_BODY = YES;
				CLANG_WARN_ENUM_CONVERSION = YES;
				CLANG_WARN_INFINITE_RECURSION = YES;
				CLANG_WARN_INT_CONVERSION = YES;
				CLANG_WARN_NON_LITERAL_NULL_CONVERSION = YES;
				CLANG_WARN_OBJC_IMPLICIT_RETAIN_SELF = YES;
				CLANG_WARN_OBJC_LITERAL_CONVERSION = YES;
				CLANG_WARN_OBJC_ROOT_CLASS = YES_ERROR;
				CLANG_WARN_QUOTED_INCLUDE_IN_FRAMEWORK_HEADER = YES;
				CLANG_WARN_RANGE_LOOP_ANALYSIS = YES;
				CLANG_WARN_STRICT_PROTOTYPES = YES;
				CLANG_WARN_SUSPICIOUS_MOVE = YES;
				CLANG_WARN_UNGUARDED_AVAILABILITY = YES_AGGRESSIVE;
				CLANG_WARN_UNREACHABLE_CODE = YES;
				CLANG_WARN__DUPLICATE_METHOD_MATCH = YES;
				COPY_PHASE_STRIP = NO;
				DEBUG_INFORMATION_FORMAT = dwarf;
				ENABLE_STRICT_OBJC_MSGSEND = YES;
				ENABLE_TESTABILITY = YES;
				GCC_C_LANGUAGE_STANDARD = gnu11;
				GCC_DYNAMIC_NO_PIC = NO;
				GCC_NO_COMMON_BLOCKS = YES;
				GCC_OPTIMIZATION_LEVEL = 0;
				GCC_PREPROCESSOR_DEFINITIONS = (
					"$(inherited)",
					"DEBUG=1",
				);
				GCC_WARN_64_TO_32_BIT_CONVERSION = YES;
				GCC_WARN_ABOUT_RETURN_TYPE = YES_ERROR;
				GCC_WARN_UNDECLARED_SELECTOR = YES;
				GCC_WARN_UNINITIALIZED_AUTOS = YES_AGGRESSIVE;
				GCC_WARN_UNUSED_FUNCTION = YES;
				GCC_WARN_UNUSED_VARIABLE = YES;
				IPHONEOS_DEPLOYMENT_TARGET = 17.0;
				MTL_ENABLE_DEBUG_INFO = INCLUDE_SOURCE;
				MTL_FAST_MATH = YES;
				ONLY_ACTIVE_ARCH = YES;
				PRODUCT_NAME = "$(TARGET_NAME)";
				SDKROOT = iphoneos;
				SWIFT_ACTIVE_COMPILATION_CONDITIONS = DEBUG;
				SWIFT_OPTIMIZATION_LEVEL = "-Onone";
				SWIFT_STRICT_CONCURRENCY = complete;
				SWIFT_VERSION = 6.0;
				TARGETED_DEVICE_FAMILY = 1;
			};
			name = Debug;
		};
		53F1E060B364E7EEF9482A16 /* Release */ = {
			isa = XCBuildConfiguration;
			buildSettings = {
				ALWAYS_SEARCH_USER_PATHS = NO;
				CLANG_ANALYZER_NONNULL = YES;
				CLANG_ANALYZER_NUMBER_OBJECT_CONVERSION = YES_AGGRESSIVE;
				CLANG_CXX_LANGUAGE_STANDARD = "gnu++14";
				CLANG_CXX_LIBRARY = "libc++";
				CLANG_ENABLE_MODULES = YES;
				CLANG_ENABLE_OBJC_ARC = YES;
				CLANG_ENABLE_OBJC_WEAK = YES;
				CLANG_WARN_BLOCK_CAPTURE_AUTORELEASING = YES;
				CLANG_WARN_BOOL_CONVERSION = YES;
				CLANG_WARN_COMMA = YES;
				CLANG_WARN_CONSTANT_CONVERSION = YES;
				CLANG_WARN_DEPRECATED_OBJC_IMPLEMENTATIONS = YES;
				CLANG_WARN_DIRECT_OBJC_ISA_USAGE = YES_ERROR;
				CLANG_WARN_DOCUMENTATION_COMMENTS = YES;
				CLANG_WARN_EMPTY_BODY = YES;
				CLANG_WARN_ENUM_CONVERSION = YES;
				CLANG_WARN_INFINITE_RECURSION = YES;
				CLANG_WARN_INT_CONVERSION = YES;
				CLANG_WARN_NON_LITERAL_NULL_CONVERSION = YES;
				CLANG_WARN_OBJC_IMPLICIT_RETAIN_SELF = YES;
				CLANG_WARN_OBJC_LITERAL_CONVERSION = YES;
				CLANG_WARN_OBJC_ROOT_CLASS = YES_ERROR;
				CLANG_WARN_QUOTED_INCLUDE_IN_FRAMEWORK_HEADER = YES;
				CLANG_WARN_RANGE_LOOP_ANALYSIS = YES;
				CLANG_WARN_STRICT_PROTOTYPES = YES;
				CLANG_WARN_SUSPICIOUS_MOVE = YES;
				CLANG_WARN_UNGUARDED_AVAILABILITY = YES_AGGRESSIVE;
				CLANG_WARN_UNREACHABLE_CODE = YES;
				CLANG_WARN__DUPLICATE_METHOD_MATCH = YES;
				COPY_PHASE_STRIP = NO;
				DEBUG_INFORMATION_FORMAT = "dwarf-with-dsym";
				ENABLE_NS_ASSERTIONS = NO;
				ENABLE_STRICT_OBJC_MSGSEND = YES;
				GCC_C_LANGUAGE_STANDARD = gnu11;
				GCC_NO_COMMON_BLOCKS = YES;
				GCC_WARN_64_TO_32_BIT_CONVERSION = YES;
				GCC_WARN_ABOUT_RETURN_TYPE = YES_ERROR;
				GCC_WARN_UNDECLARED_SELECTOR = YES;
				GCC_WARN_UNINITIALIZED_AUTOS = YES_AGGRESSIVE;
				GCC_WARN_UNUSED_FUNCTION = YES;
				GCC_WARN_UNUSED_VARIABLE = YES;
				IPHONEOS_DEPLOYMENT_TARGET = 17.0;
				MTL_ENABLE_DEBUG_INFO = NO;
				MTL_FAST_MATH = YES;
				PRODUCT_NAME = "$(TARGET_NAME)";
				SDKROOT = iphoneos;
				SWIFT_COMPILATION_MODE = wholemodule;
				SWIFT_OPTIMIZATION_LEVEL = "-O";
				SWIFT_STRICT_CONCURRENCY = complete;
				SWIFT_VERSION = 6.0;
				TARGETED_DEVICE_FAMILY = 1;
			};
			name = Release;
		};
		750A22CFDB212E2D3E7D927D /* Debug */ = {
			isa = XCBuildConfiguration;
			buildSettings = {
				ASSETCATALOG_COMPILER_APPICON_NAME = AppIcon;
				CODE_SIGN_IDENTITY = "iPhone Developer";
				GENERATE_INFOPLIST_FILE = NO;
				INFOPLIST_FILE = Ritham/Resources/Info.plist;
				IPHONEOS_DEPLOYMENT_TARGET = 17.0;
				LD_RUNPATH_SEARCH_PATHS = (
					"$(inherited)",
					"@executable_path/Frameworks",
				);
				PRODUCT_BUNDLE_IDENTIFIER = com.ritham.app;
				SDKROOT = iphoneos;
				TARGETED_DEVICE_FAMILY = "1,2";
			};
			name = Debug;
		};
		75F8435F2BEFE771F9C02624 /* Release */ = {
			isa = XCBuildConfiguration;
			buildSettings = {
				BUNDLE_LOADER = "$(TEST_HOST)";
				GENERATE_INFOPLIST_FILE = YES;
				IPHONEOS_DEPLOYMENT_TARGET = 17.0;
				LD_RUNPATH_SEARCH_PATHS = (
					"$(inherited)",
					"@executable_path/Frameworks",
					"@loader_path/Frameworks",
				);
				PRODUCT_BUNDLE_IDENTIFIER = com.ritham.app.tests;
				SDKROOT = iphoneos;
				TARGETED_DEVICE_FAMILY = "1,2";
				TEST_HOST = "$(BUILT_PRODUCTS_DIR)/Ritham.app/Ritham";
			};
			name = Release;
		};
		D3F2ED133317AB070466B466 /* Release */ = {
			isa = XCBuildConfiguration;
			buildSettings = {
				ASSETCATALOG_COMPILER_APPICON_NAME = AppIcon;
				CODE_SIGN_IDENTITY = "iPhone Developer";
				GENERATE_INFOPLIST_FILE = NO;
				INFOPLIST_FILE = Ritham/Resources/Info.plist;
				IPHONEOS_DEPLOYMENT_TARGET = 17.0;
				LD_RUNPATH_SEARCH_PATHS = (
					"$(inherited)",
					"@executable_path/Frameworks",
				);
				PRODUCT_BUNDLE_IDENTIFIER = com.ritham.app;
				SDKROOT = iphoneos;
				TARGETED_DEVICE_FAMILY = "1,2";
			};
			name = Release;
		};
		EF8E95831BC418C1FE9CE901 /* Debug */ = {
			isa = XCBuildConfiguration;
			buildSettings = {
				BUNDLE_LOADER = "$(TEST_HOST)";
				GENERATE_INFOPLIST_FILE = YES;
				IPHONEOS_DEPLOYMENT_TARGET = 17.0;
				LD_RUNPATH_SEARCH_PATHS = (
					"$(inherited)",
					"@executable_path/Frameworks",
					"@loader_path/Frameworks",
				);
				PRODUCT_BUNDLE_IDENTIFIER = com.ritham.app.tests;
				SDKROOT = iphoneos;
				TARGETED_DEVICE_FAMILY = "1,2";
				TEST_HOST = "$(BUILT_PRODUCTS_DIR)/Ritham.app/Ritham";
			};
			name = Debug;
		};
/* End XCBuildConfiguration section */

/* Begin XCConfigurationList section */
		3E3B18D35F493C780C16D8C6 /* Build configuration list for PBXNativeTarget "RithamTests" */ = {
			isa = XCConfigurationList;
			buildConfigurations = (
				EF8E95831BC418C1FE9CE901 /* Debug */,
				75F8435F2BEFE771F9C02624 /* Release */,
			);
			defaultConfigurationIsVisible = 0;
			defaultConfigurationName = Debug;
		};
		93DF7D370994745F2A9A1DA5 /* Build configuration list for PBXProject "Ritham" */ = {
			isa = XCConfigurationList;
			buildConfigurations = (
				131736C358BB3B60711BAF6F /* Debug */,
				53F1E060B364E7EEF9482A16 /* Release */,
			);
			defaultConfigurationIsVisible = 0;
			defaultConfigurationName = Debug;
		};
		AB90453E5E9A63F1228F066E /* Build configuration list for PBXNativeTarget "Ritham" */ = {
			isa = XCConfigurationList;
			buildConfigurations = (
				750A22CFDB212E2D3E7D927D /* Debug */,
				D3F2ED133317AB070466B466 /* Release */,
			);
			defaultConfigurationIsVisible = 0;
			defaultConfigurationName = Debug;
		};
/* End XCConfigurationList section */

/* Begin XCLocalSwiftPackageReference section */
		1B2453CF9508124AAB3D1F82 /* XCLocalSwiftPackageReference "../RithamCore" */ = {
			isa = XCLocalSwiftPackageReference;
			relativePath = ../RithamCore;
		};
/* End XCLocalSwiftPackageReference section */

/* Begin XCSwiftPackageProductDependency section */
		267FB3A29A69935DA779166A /* RithamCore */ = {
			isa = XCSwiftPackageProductDependency;
			productName = RithamCore;
		};
		C8F7B5BB088D21FCA90D16A3 /* RithamCore */ = {
			isa = XCSwiftPackageProductDependency;
			productName = RithamCore;
		};
/* End XCSwiftPackageProductDependency section */
	};
	rootObject = 313D693A1F73C6F7B4D0B3B8 /* Project object */;
}
